{
  "nodes": {
    "apple-fonts": {
      "inputs": {
        "nixpkgs": "nixpkgs",
        "ny": "ny",
        "sf-arabic": "sf-arabic",
        "sf-armenian": "sf-armenian",
        "sf-compact": "sf-compact",
        "sf-georgian": "sf-georgian",
        "sf-hebrew": "sf-hebrew",
        "sf-mono": "sf-mono",
        "sf-pro": "sf-pro"
      },
      "locked": {
        "lastModified": 1768432053,
        "narHash": "sha256-4zbGxDTG82KL8aGj7HOlx984eSHpWzGiN/vBBYKd2DE=",
        "owner": "Lyndeno",
        "repo": "apple-fonts.nix",
        "rev": "00ee0281a803e545a8d7fc3ecee06aa27d3ae84c",
        "type": "github"
      },
      "original": {
        "owner": "Lyndeno",
        "repo": "apple-fonts.nix",
        "type": "github"
      }
    },
    "burpsuite": {
      "inputs": {
        "flake-utils": "flake-utils",
        "nixpkgs": "nixpkgs_2"
      },
      "locked": {
        "lastModified": 1768904501,
        "narHash": "sha256-G3v073HMHK+PmZjR36f8xwT0OE9IreK8QHn82/pN0Rk=",
        "owner": "yechielw",
        "repo": "burpsuite.nix",
        "rev": "a0bf076de3712edbc9aef49f25dc649b3d459ba2",
        "type": "github"
      },
      "original": {
        "owner": "yechielw",
        "repo": "burpsuite.nix",
        "type": "github"
      }
    },
    "chaotic": {
      "inputs": {
        "flake-schemas": "flake-schemas",
        "home-manager": "home-manager",
        "jovian": "jovian",
        "nixpkgs": "nixpkgs_3",
        "rust-overlay": "rust-overlay"
      },
      "locked": {
        "lastModified": 1765204341,
        "narHash": "sha256-7xd45skcuLCu2DHxVvU+W/z+7CUOjyv+QPtT4PLZaIU=",
        "owner": "chaotic-cx",
        "repo": "nyx",
        "rev": "aacb796ccd42be1555196c20013b9b674b71df75",
        "type": "github"
      },
      "original": {
        "owner": "chaotic-cx",
        "ref": "nyxpkgs-unstable",
        "repo": "nyx",
        "type": "github"
      }
    },
    "crane": {
      "locked": {
        "lastModified": 1731098351,
        "narHash": "sha256-HQkYvKvaLQqNa10KEFGgWHfMAbWBfFp+4cAgkut+NNE=",
        "owner": "ipetkov",
        "repo": "crane",
        "rev": "ef80ead953c1b28316cc3f8613904edc2eb90c28",
        "type": "github"
      },
      "original": {
        "owner": "ipetkov",
        "repo": "crane",
        "type": "github"
      }
    },
    "flake-compat": {
      "flake": false,
      "locked": {
        "lastModified": 1696426674,
        "narHash": "sha256-kvjfFW7WAETZlt09AgDn1MrtKzP7t90Vf7vypd3OL1U=",
        "owner": "edolstra",
        "repo": "flake-compat",
        "rev": "0f9255e01c2351cc7d116c072cb317785dd33b33",
        "type": "github"
      },
      "original": {
        "owner": "edolstra",
        "repo": "flake-compat",
        "type": "github"
      }
    },
    "flake-parts": {
      "inputs": {
        "nixpkgs-lib": [
          "lanzaboote",
          "nixpkgs"
        ]
      },
      "locked": {
        "lastModified": 1730504689,
        "narHash": "sha256-hgmguH29K2fvs9szpq2r3pz2/8cJd2LPS+b4tfNFCwE=",
        "owner": "hercules-ci",
        "repo": "flake-parts",
        "rev": "506278e768c2a08bec68eb62932193e341f55c90",
        "type": "github"
      },
      "original": {
        "owner": "hercules-ci",
        "repo": "flake-parts",
        "type": "github"
      }
    },
    "flake-schemas": {
      "locked": {
        "lastModified": 1721999734,
        "narHash": "sha256-G5CxYeJVm4lcEtaO87LKzOsVnWeTcHGKbKxNamNWgOw=",
        "rev": "0a5c42297d870156d9c57d8f99e476b738dcd982",
        "revCount": 75,
        "type": "tarball",
        "url": "https://api.flakehub.com/f/pinned/DeterminateSystems/flake-schemas/0.1.5/0190ef2f-61e0-794b-ba14-e82f225e55e6/source.tar.gz"
      },
      "original": {
        "type": "tarball",
        "url": "https://flakehub.com/f/DeterminateSystems/flake-schemas/%3D0.1.5.tar.gz"
      }
    },
    "flake-utils": {
      "inputs": {
        "systems": "systems"
      },
      "locked": {
        "lastModified": 1731533236,
        "owner": "numtide",
        "repo": "flake-utils",
        "rev": "11707dc2f618dd54ca8739b309ec4fc024de578b",
        "type": "github"
      },
      "original": {
        "owner": "numtide",
        "repo": "flake-utils",
        "type": "github"
      }
    },
    "flake-utils_2": {
      "inputs": {
        "systems": "systems_2"
      },
      "locked": {
        "lastModified": 1692799911,
        "narHash": "sha256-3eihraek4qL744EvQXsK1Ha6C3CR7nnT8X2qWap4RNk=",
        "owner": "numtide",
        "repo": "flake-utils",
        "rev": "f9e7cf818399d17d347f847525c5a5a8032e4e44",
        "type": "github"
      },
      "original": {
        "owner": "numtide",
        "repo": "flake-utils",
        "type": "github"
      }
    },
    "gitignore": {
      "inputs": {
        "nixpkgs": [
          "lanzaboote",
          "pre-commit-hooks-nix",
          "nixpkgs"
        ]
      },
      "locked": {
        "lastModified": 1709087332,
        "narHash": "sha256-HG2cCnktfHsKV0s4XW83gU3F57gaTljL9KNSuG6bnQs=",
        "owner": "hercules-ci",
        "repo": "gitignore.nix",
        "rev": "637db329424fd7e46cf4185293b9cc8c88c95394",
        "type": "github"
      },
      "original": {
        "owner": "hercules-ci",
        "repo": "gitignore.nix",
        "type": "github"
      }
    },
    "himmelblau": {
      "inputs": {
        "nixpkgs": [
          "nixpkgs"
        ]
      },
      "locked": {
        "lastModified": 1769118379,
        "narHash": "sha256-WPtf/i9OqC+mRTahZ+rL/QCCDXfnxuKL/VGIVefBKEY=",
        "owner": "himmelblau-idm",
        "repo": "himmelblau",
        "rev": "14118b687282d98ebeb9e2af5761ec6654b20203",
        "type": "github"
      },
      "original": {
        "owner": "himmelblau-idm",
        "repo": "himmelblau",
        "type": "github"
      }
    },
    "home-manager": {
      "inputs": {
        "nixpkgs": [
          "chaotic",
          "nixpkgs"
        ]
      },
      "locked": {
        "lastModified": 1764998300,
        "narHash": "sha256-fZatn/KLfHLDXnF0wy7JxXqGaZmGDTVufT4o/AOlj44=",
        "owner": "nix-community",
        "repo": "home-manager",
        "rev": "27a6182347ccae90a88231ae0dc5dfa7d15815bb",
        "type": "github"
      },
      "original": {
        "owner": "nix-community",
        "repo": "home-manager",
        "type": "github"
      }
    },
    "home-manager_2": {
      "inputs": {
        "nixpkgs": [
          "nixpkgs"
        ]
      },
      "locked": {
        "lastModified": 1769289524,
        "narHash": "sha256-6Cwtvzrw79cOk1lCzN2aKSVrpgSOSQoYhyMmhXXZjTA=",
        "owner": "nix-community",
        "repo": "home-manager",
        "rev": "2539eba97a6df237d75617c25cd2dbef92df3d5b",
        "type": "github"
      },
      "original": {
        "owner": "nix-community",
        "repo": "home-manager",
        "type": "github"
      }
    },
    "jovian": {
      "inputs": {
        "nix-github-actions": "nix-github-actions",
        "nixpkgs": [
          "chaotic",
          "nixpkgs"
        ]
      },
      "locked": {
        "lastModified": 1764922999,
        "narHash": "sha256-LSvUxKm6S6ZAd/otQSkAHd3+8KJhi8OwGJGSe0K//B8=",
        "owner": "Jovian-Experiments",
        "repo": "Jovian-NixOS",
        "rev": "9b9ead1b5591b68f4048e7205ba1397bc85ce6c4",
        "type": "github"
      },
      "original": {
        "owner": "Jovian-Experiments",
        "repo": "Jovian-NixOS",
        "type": "github"
      }
    },
    "lanzaboote": {
      "inputs": {
        "crane": "crane",
        "flake-compat": "flake-compat",
        "flake-parts": "flake-parts",
        "nixpkgs": "nixpkgs_4",
        "pre-commit-hooks-nix": "pre-commit-hooks-nix",
        "rust-overlay": "rust-overlay_2"
      },
      "locked": {
        "lastModified": 1737639419,
        "narHash": "sha256-AEEDktApTEZ5PZXNDkry2YV2k6t0dTgLPEmAZbnigXU=",
        "owner": "nix-community",
        "repo": "lanzaboote",
        "rev": "a65905a09e2c43ff63be8c0e86a93712361f871e",
        "type": "github"
      },
      "original": {
        "owner": "nix-community",
        "ref": "v0.4.2",
        "repo": "lanzaboote",
        "type": "github"
      }
    },
    "naersk-package": {
      "inputs": {
        "nixpkgs": [
          "raise",
          "nixpkgs"
        ]
      },
      "locked": {
        "lastModified": 1692351612,
        "narHash": "sha256-KTGonidcdaLadRnv9KFgwSMh1ZbXoR/OBmPjeNMhFwU=",
        "owner": "nix-community",
        "repo": "naersk",
        "rev": "78789c30d64dea2396c9da516bbcc8db3a475207",
        "type": "github"
      },
      "original": {
        "owner": "nix-community",
        "repo": "naersk",
        "type": "github"
      }
    },
    "nix-flatpak": {
      "locked": {
        "lastModified": 1768656715,
        "narHash": "sha256-Sbh037scxKFm7xL0ahgSCw+X2/5ZKeOwI2clqrYr9j4=",
        "owner": "gmodena",
        "repo": "nix-flatpak",
        "rev": "123fe29340a5b8671367055b75a6e7c320d6f89a",
        "type": "github"
      },
      "original": {
        "owner": "gmodena",
        "repo": "nix-flatpak",
        "type": "github"
      }
    },
    "nix-github-actions": {
      "inputs": {
        "nixpkgs": [
          "chaotic",
          "jovian",
          "nixpkgs"
        ]
      },
      "locked": {
        "lastModified": 1729697500,
        "narHash": "sha256-VFTWrbzDlZyFHHb1AlKRiD/qqCJIripXKiCSFS8fAOY=",
        "owner": "zhaofengli",
        "repo": "nix-github-actions",
        "rev": "e418aeb728b6aa5ca8c5c71974e7159c2df1d8cf",
        "type": "github"
      },
      "original": {
        "owner": "zhaofengli",
        "ref": "matrix-name",
        "repo": "nix-github-actions",
        "type": "github"
      }
    },
    "nixCats": {
      "locked": {
        "lastModified": 1769085828,
        "narHash": "sha256-TjhFIAtS628+/r3IuYWPcNa++mUMMDDG8PbSfFHXBiA=",
        "owner": "BirdeeHub",
        "repo": "nixCats-nvim",
        "rev": "43fbf4d12b0a613f1a792503da4bb2bf270173c7",
        "type": "github"
      },
      "original": {
        "owner": "BirdeeHub",
        "repo": "nixCats-nvim",
        "type": "github"
      }
    },
    "nixos-hardware": {
      "locked": {
        "lastModified": 1769302137,
        "narHash": "sha256-QEDtctEkOsbx8nlFh4yqPEOtr4tif6KTqWwJ37IM2ds=",
        "owner": "NixOS",
        "repo": "nixos-hardware",
        "rev": "a351494b0e35fd7c0b7a1aae82f0afddf4907aa8",
        "type": "github"
      },
      "original": {
        "owner": "NixOS",
        "ref": "master",
        "repo": "nixos-hardware",
        "type": "github"
      }
    },
    "nixpkgs": {
      "locked": {
        "lastModified": 1768127708,
        "narHash": "sha256-1Sm77VfZh3mU0F5OqKABNLWxOuDeHIlcFjsXeeiPazs=",
        "owner": "nixos",
        "repo": "nixpkgs",
        "rev": "ffbc9f8cbaacfb331b6017d5a5abb21a492c9a38",
        "type": "github"
      },
      "original": {
        "owner": "nixos",
        "ref": "nixos-unstable",
        "repo": "nixpkgs",
        "type": "github"
      }
    },
    "nixpkgs-master": {
      "locked": {
        "lastModified": 1769323784,
        "narHash": "sha256-kn95sve6LaFPrR5RurgBvYpXINigwbbzSTauNVr4zgs=",
        "owner": "nixos",
        "repo": "nixpkgs",
        "rev": "e6cfdbc80633509f97cb1ef34980939dfdec822f",
        "type": "github"
      },
      "original": {
        "owner": "nixos",
        "ref": "master",
        "repo": "nixpkgs",
        "type": "github"
      }
    },
    "nixpkgs-stable": {
      "locked": {
        "lastModified": 1730741070,
        "narHash": "sha256-edm8WG19kWozJ/GqyYx2VjW99EdhjKwbY3ZwdlPAAlo=",
        "owner": "NixOS",
        "repo": "nixpkgs",
        "rev": "d063c1dd113c91ab27959ba540c0d9753409edf3",
        "type": "github"
      },
      "original": {
        "owner": "NixOS",
        "ref": "nixos-24.05",
        "repo": "nixpkgs",
        "type": "github"
      }
    },
    "nixpkgs-stable_2": {
      "locked": {
        "lastModified": 1767313136,
        "narHash": "sha256-16KkgfdYqjaeRGBaYsNrhPRRENs0qzkQVUooNHtoy2w=",
        "owner": "nixos",
        "repo": "nixpkgs",
        "rev": "ac62194c3917d5f474c1a844b6fd6da2db95077d",
        "type": "github"
      },
      "original": {
        "owner": "nixos",
        "ref": "nixos-25.05",
        "repo": "nixpkgs",
        "type": "github"
      }
    },
    "nixpkgs_2": {
      "locked": {
        "lastModified": 1749794982,
        "owner": "NixOS",
        "repo": "nixpkgs",
        "rev": "ee930f9755f58096ac6e8ca94a1887e0534e2d81",
        "type": "github"
      },
      "original": {
        "owner": "NixOS",
        "ref": "nixos-unstable",
        "repo": "nixpkgs",
        "type": "github"
      }
    },
    "nixpkgs_3": {
      "locked": {
        "lastModified": 1764950072,
        "narHash": "sha256-BmPWzogsG2GsXZtlT+MTcAWeDK5hkbGRZTeZNW42fwA=",
        "owner": "NixOS",
        "repo": "nixpkgs",
        "rev": "f61125a668a320878494449750330ca58b78c557",
        "type": "github"
      },
      "original": {
        "owner": "NixOS",
        "ref": "nixos-unstable",
        "repo": "nixpkgs",
        "type": "github"
      }
    },
    "nixpkgs_4": {
      "locked": {
        "lastModified": 1731919951,
        "narHash": "sha256-vOM6ETpl1yu9KLi/icTmLJIPbbdJCdAVYUXZceO/Ce4=",
        "owner": "NixOS",
        "repo": "nixpkgs",
        "rev": "04386ac325a813047fc314d4b4d838a5b1e3c7fe",
        "type": "github"
      },
      "original": {
        "owner": "NixOS",
        "ref": "nixos-unstable-small",
        "repo": "nixpkgs",
        "type": "github"
      }
    },
    "nixpkgs_5": {
      "locked": {
        "lastModified": 1769170682,
        "narHash": "sha256-oMmN1lVQU0F0W2k6OI3bgdzp2YOHWYUAw79qzDSjenU=",
        "owner": "nixos",
        "repo": "nixpkgs",
        "rev": "c5296fdd05cfa2c187990dd909864da9658df755",
        "type": "github"
      },
      "original": {
        "owner": "nixos",
        "ref": "nixos-unstable",
        "repo": "nixpkgs",
        "type": "github"
      }
    },
    "nixpkgs_6": {
      "locked": {
        "lastModified": 1762111121,
        "narHash": "sha256-4vhDuZ7OZaZmKKrnDpxLZZpGIJvAeMtK6FKLJYUtAdw=",
        "owner": "NixOS",
        "repo": "nixpkgs",
        "rev": "b3d51a0365f6695e7dd5cdf3e180604530ed33b4",
        "type": "github"
      },
      "original": {
        "owner": "NixOS",
        "ref": "nixos-unstable",
        "repo": "nixpkgs",
        "type": "github"
      }
    },
    "ny": {
      "flake": false,
      "locked": {
        "narHash": "sha256-3257NAH4qlan2YHVLpNRy7x8IJqR2pal3OzFo/ykqXs=",
        "type": "file",
        "url": "https://devimages-cdn.apple.com/design/resources/download/NY.dmg"
      },
      "original": {
        "type": "file",
        "url": "https://devimages-cdn.apple.com/design/resources/download/NY.dmg"
      }
    },
    "pre-commit-hooks-nix": {
      "inputs": {
        "flake-compat": [
          "lanzaboote",
          "flake-compat"
        ],
        "gitignore": "gitignore",
        "nixpkgs": [
          "lanzaboote",
          "nixpkgs"
        ],
        "nixpkgs-stable": "nixpkgs-stable"
      },
      "locked": {
        "lastModified": 1731363552,
        "narHash": "sha256-vFta1uHnD29VUY4HJOO/D6p6rxyObnf+InnSMT4jlMU=",
        "owner": "cachix",
        "repo": "pre-commit-hooks.nix",
        "rev": "cd1af27aa85026ac759d5d3fccf650abe7e1bbf0",
        "type": "github"
      },
      "original": {
        "owner": "cachix",
        "repo": "pre-commit-hooks.nix",
        "type": "github"
      }
    },
    "profilepic": {
      "flake": false,
      "locked": {
        "narHash": "sha256-1Smkl8dl7HPe1X+AS/fJ09kJydHzHtGEX92ZektA5Gw=",
        "type": "file",
        "url": "https://github.com/yechielw.png"
      },
      "original": {
        "type": "file",
        "url": "https://github.com/yechielw.png"
      }
    },
    "raise": {
      "inputs": {
        "flake-utils": "flake-utils_2",
        "naersk-package": "naersk-package",
        "nixpkgs": [
          "nixpkgs"
        ]
      },
      "locked": {
        "lastModified": 1758703006,
        "narHash": "sha256-sJSS5bU/AI6ZM7OdjBrix80ei9c9oRGM1od+d5IRYG8=",
        "owner": "knarkzel",
        "repo": "raise",
        "rev": "0953e5590c8b0fe4cecb110eca5442b6768bbbe2",
        "type": "github"
      },
      "original": {
        "owner": "knarkzel",
        "repo": "raise",
        "type": "github"
      }
    },
    "root": {
      "inputs": {
        "apple-fonts": "apple-fonts",
        "burpsuite": "burpsuite",
        "chaotic": "chaotic",
        "himmelblau": "himmelblau",
        "home-manager": "home-manager_2",
        "lanzaboote": "lanzaboote",
        "nix-flatpak": "nix-flatpak",
        "nixCats": "nixCats",
        "nixos-hardware": "nixos-hardware",
        "nixpkgs": "nixpkgs_5",
        "nixpkgs-master": "nixpkgs-master",
        "nixpkgs-stable": "nixpkgs-stable_2",
        "profilepic": "profilepic",
        "raise": "raise",
        "systems": "systems_3",
        "vicinae": "vicinae",
        "zen-browser": "zen-browser"
      }
    },
    "rust-overlay": {
      "inputs": {
        "nixpkgs": [
          "chaotic",
          "nixpkgs"
        ]
      },
      "locked": {
        "lastModified": 1765075567,
        "narHash": "sha256-KFDCdQcHJ0hE3Nt5Gm5enRIhmtEifAjpxgUQ3mzSJpA=",
        "owner": "oxalica",
        "repo": "rust-overlay",
        "rev": "769156779b41e8787a46ca3d7d76443aaf68be6f",
        "type": "github"
      },
      "original": {
        "owner": "oxalica",
        "repo": "rust-overlay",
        "type": "github"
      }
    },
    "rust-overlay_2": {
      "inputs": {
        "nixpkgs": [
          "lanzaboote",
          "nixpkgs"
        ]
      },
      "locked": {
        "lastModified": 1731897198,
        "narHash": "sha256-Ou7vLETSKwmE/HRQz4cImXXJBr/k9gp4J4z/PF8LzTE=",
        "owner": "oxalica",
        "repo": "rust-overlay",
        "rev": "0be641045af6d8666c11c2c40e45ffc9667839b5",
        "type": "github"
      },
      "original": {
        "owner": "oxalica",
        "repo": "rust-overlay",
        "type": "github"
      }
    },
    "sf-arabic": {
      "flake": false,
      "locked": {
        "narHash": "sha256-/0gjRimqvZyE60xYxxPdlU+7Q2LJnnvtbmwOP0YmS9U=",
        "type": "file",
        "url": "https://devimages-cdn.apple.com/design/resources/download/SF-Arabic.dmg"
      },
      "original": {
        "type": "file",
        "url": "https://devimages-cdn.apple.com/design/resources/download/SF-Arabic.dmg"
      }
    },
    "sf-armenian": {
      "flake": false,
      "locked": {
        "narHash": "sha256-rRoDkbNMYkzOHZmQm96Zv80TZvRlAeoxkv4pMHP5nUg=",
        "type": "file",
        "url": "https://devimages-cdn.apple.com/design/resources/download/SF-Armenian.dmg"
      },
      "original": {
        "type": "file",
        "url": "https://devimages-cdn.apple.com/design/resources/download/SF-Armenian.dmg"
      }
    },
    "sf-compact": {
      "flake": false,
      "locked": {
        "narHash": "sha256-xIYPQ27C7wAAfN4Lm+3pXE7GGNO5ZgKGFRjr6WX5xlM=",
        "type": "file",
        "url": "https://devimages-cdn.apple.com/design/resources/download/SF-Compact.dmg"
      },
      "original": {
        "type": "file",
        "url": "https://devimages-cdn.apple.com/design/resources/download/SF-Compact.dmg"
      }
    },
    "sf-georgian": {
      "flake": false,
      "locked": {
        "narHash": "sha256-IevVNOC28IiR45YfI3PsZzXLMRxuB5u7UiE53Zn6tRU=",
        "type": "file",
        "url": "https://devimages-cdn.apple.com/design/resources/download/SF-Georgian.dmg"
      },
      "original": {
        "type": "file",
        "url": "https://devimages-cdn.apple.com/design/resources/download/SF-Georgian.dmg"
      }
    },
    "sf-hebrew": {
      "flake": false,
      "locked": {
        "narHash": "sha256-Dw84kYwMpCtKKKqm8cZcQ9TZ7GayU5MO7W0LJw0Rcwk=",
        "type": "file",
        "url": "https://devimages-cdn.apple.com/design/resources/download/SF-Hebrew.dmg"
      },
      "original": {
        "type": "file",
        "url": "https://devimages-cdn.apple.com/design/resources/download/SF-Hebrew.dmg"
      }
    },
    "sf-mono": {
      "flake": false,
      "locked": {
        "narHash": "sha256-ICdHRFdNL7PM/fXJUzS7LgZxZiqcyIuCMHLze4En4vg=",
        "type": "file",
        "url": "https://devimages-cdn.apple.com/design/resources/download/SF-Mono.dmg"
      },
      "original": {
        "type": "file",
        "url": "https://devimages-cdn.apple.com/design/resources/download/SF-Mono.dmg"
      }
    },
    "sf-pro": {
      "flake": false,
      "locked": {
        "narHash": "sha256-vxaW2oTdf7EuraHvdkF6JUfC580p56TgpquNw+GQDbQ=",
        "type": "file",
        "url": "https://devimages-cdn.apple.com/design/resources/download/SF-Pro.dmg"
      },
      "original": {
        "type": "file",
        "url": "https://devimages-cdn.apple.com/design/resources/download/SF-Pro.dmg"
      }
    },
    "systems": {
      "locked": {
        "lastModified": 1681028828,
        "narHash": "sha256-Vy1rq5AaRuLzOxct8nz4T6wlgyUR7zLU309k9mBC768=",
        "owner": "nix-systems",
        "repo": "default",
        "rev": "da67096a3b9bf56a91d16901293e51ba5b49a27e",
        "type": "github"
      },
      "original": {
        "owner": "nix-systems",
        "repo": "default",
        "type": "github"
      }
    },
    "systems_2": {
      "locked": {
        "lastModified": 1681028828,
        "narHash": "sha256-Vy1rq5AaRuLzOxct8nz4T6wlgyUR7zLU309k9mBC768=",
        "owner": "nix-systems",
        "repo": "default",
        "rev": "da67096a3b9bf56a91d16901293e51ba5b49a27e",
        "type": "github"
      },
      "original": {
        "owner": "nix-systems",
        "repo": "default",
        "type": "github"
      }
    },
    "systems_3": {
      "locked": {
        "lastModified": 1681028828,
        "narHash": "sha256-Vy1rq5AaRuLzOxct8nz4T6wlgyUR7zLU309k9mBC768=",
        "owner": "nix-systems",
        "repo": "default",
        "rev": "da67096a3b9bf56a91d16901293e51ba5b49a27e",
        "type": "github"
      },
      "original": {
        "owner": "nix-systems",
        "repo": "default",
        "type": "github"
      }
    },
    "systems_4": {
      "locked": {
        "lastModified": 1681028828,
        "narHash": "sha256-Vy1rq5AaRuLzOxct8nz4T6wlgyUR7zLU309k9mBC768=",
        "owner": "nix-systems",
        "repo": "default",
        "rev": "da67096a3b9bf56a91d16901293e51ba5b49a27e",
        "type": "github"
      },
      "original": {
        "owner": "nix-systems",
        "repo": "default",
        "type": "github"
      }
    },
    "vicinae": {
      "inputs": {
        "nixpkgs": "nixpkgs_6",
        "systems": "systems_4"
      },
      "locked": {
        "lastModified": 1769310830,
        "narHash": "sha256-eJvl3tf4VNV6K4O76KooMfmLgTVww6rU86IPfP00KT8=",
        "owner": "vicinaehq",
        "repo": "vicinae",
        "rev": "35a770a4798fb13c4fc35de75973aacef10677b3",
        "type": "github"
      },
      "original": {
        "owner": "vicinaehq",
        "repo": "vicinae",
        "type": "github"
      }
    },
    "zen-browser": {
      "inputs": {
        "nixpkgs": [
          "nixpkgs"
        ]
      },
      "locked": {
        "lastModified": 1769315176,
        "narHash": "sha256-w1aX0LxNLdhAB4nGsD+3U4XBzr1nfKza/LxT3cD4h28=",
        "owner": "youwen5",
        "repo": "zen-browser-flake",
        "rev": "0c4d40528c156b00067df5e90e5dca8dfe2e2735",
        "type": "github"
      },
      "original": {
        "owner": "youwen5",
        "repo": "zen-browser-flake",
        "type": "github"
      }
    }
  },
  "root": "root",
  "version": 7
}
