{
  "nodes": {
    "ags": {
      "inputs": {
        "nixpkgs": "nixpkgs",
        "systems": "systems"
      },
      "locked": {
        "lastModified": 1727303518,
        "narHash": "sha256-lO5JMynTxNZxg/+E4/Y9reeLGIz/M8cEue+Re4cP6qo=",
        "owner": "Aylur",
        "repo": "ags",
        "rev": "cd543afec4d9ed708990e5ba52184716809bf248",
        "type": "github"
      },
      "original": {
        "owner": "Aylur",
        "repo": "ags",
        "type": "github"
      }
    },
    "ags_2": {
      "inputs": {
        "nixpkgs": "nixpkgs_2",
        "systems": "systems_2"
      },
      "locked": {
        "lastModified": 1725841979,
        "narHash": "sha256-SXYqzpHPuXFR6w/cUKo3VN8XRn6XA2mGbdRXs9oLk6k=",
        "owner": "Aylur",
        "repo": "ags",
        "rev": "aaef50bb2c80ef4b4a359329d72669a95e7c4796",
        "type": "github"
      },
      "original": {
        "owner": "Aylur",
        "repo": "ags",
        "type": "github"
      }
    },
    "flake-compat": {
      "flake": false,
      "locked": {
        "lastModified": 1717312683,
        "narHash": "sha256-FrlieJH50AuvagamEvWMIE6D2OAnERuDboFDYAED/dE=",
        "owner": "nix-community",
        "repo": "flake-compat",
        "rev": "38fd3954cf65ce6faf3d0d45cd26059e059f07ea",
        "type": "github"
      },
      "original": {
        "owner": "nix-community",
        "repo": "flake-compat",
        "type": "github"
      }
    },
    "home-manager": {
      "inputs": {
        "nixpkgs": [
          "nixpkgs"
        ]
      },
      "locked": {
        "lastModified": 1727370457,
        "narHash": "sha256-YlTm2rgsf+UxxNnUCE/B/8bL9A3HOfPZD8l8EjlWm/Y=",
        "owner": "nix-community",
        "repo": "home-manager",
        "rev": "57e6b30d181ae6baff0909a61544ecbe1f642936",
        "type": "github"
      },
      "original": {
        "owner": "nix-community",
        "repo": "home-manager",
        "type": "github"
      }
    },
    "hyprpanel": {
      "inputs": {
        "ags": "ags_2",
        "nixpkgs": "nixpkgs_3"
      },
      "locked": {
        "lastModified": 1727252492,
        "narHash": "sha256-IjY+tUN3KbgpLA1lMVAFSuF0TcjRzE7BxRfA7xTl15s=",
        "owner": "Jas-SinghFSU",
        "repo": "HyprPanel",
        "rev": "b004a8dd8a93fd28c885e148ff2b66799cae2adf",
        "type": "github"
      },
      "original": {
        "owner": "Jas-SinghFSU",
        "repo": "HyprPanel",
        "type": "github"
      }
    },
    "nixos-cosmic": {
      "inputs": {
        "flake-compat": "flake-compat",
        "nixpkgs": [
          "nixpkgs"
        ],
        "nixpkgs-stable": "nixpkgs-stable",
        "rust-overlay": "rust-overlay"
      },
      "locked": {
        "lastModified": 1727355852,
        "narHash": "sha256-xA2cl4oz59Haqa8xAGCd2vD2JWkYUpRUlnO4GTDfITU=",
        "owner": "lilyinstarlight",
        "repo": "nixos-cosmic",
        "rev": "80d55e1bb531f10d2f6ccc5f6686f6b0570f654e",
        "type": "github"
      },
      "original": {
        "owner": "lilyinstarlight",
        "repo": "nixos-cosmic",
        "type": "github"
      }
    },
    "nixpkgs": {
      "locked": {
        "lastModified": 1725634671,
        "narHash": "sha256-v3rIhsJBOMLR8e/RNWxr828tB+WywYIoajrZKFM+0Gg=",
        "owner": "NixOS",
        "repo": "nixpkgs",
        "rev": "574d1eac1c200690e27b8eb4e24887f8df7ac27c",
        "type": "github"
      },
      "original": {
        "owner": "NixOS",
        "ref": "nixos-unstable",
        "repo": "nixpkgs",
        "type": "github"
      }
    },
    "nixpkgs-stable": {
      "locked": {
        "lastModified": 1727129439,
        "narHash": "sha256-nPyrcFm6FSk7CxzVW4x2hu62aLDghNcv9dX6DF3dXw8=",
        "owner": "NixOS",
        "repo": "nixpkgs",
        "rev": "babc25a577c3310cce57c72d5bed70f4c3c3843a",
        "type": "github"
      },
      "original": {
        "owner": "NixOS",
        "ref": "nixos-24.05",
        "repo": "nixpkgs",
        "type": "github"
      }
    },
    "nixpkgs_2": {
      "locked": {
        "lastModified": 1725634671,
        "narHash": "sha256-v3rIhsJBOMLR8e/RNWxr828tB+WywYIoajrZKFM+0Gg=",
        "owner": "NixOS",
        "repo": "nixpkgs",
        "rev": "574d1eac1c200690e27b8eb4e24887f8df7ac27c",
        "type": "github"
      },
      "original": {
        "owner": "NixOS",
        "ref": "nixos-unstable",
        "repo": "nixpkgs",
        "type": "github"
      }
    },
    "nixpkgs_3": {
      "locked": {
        "lastModified": 1726463316,
        "narHash": "sha256-gI9kkaH0ZjakJOKrdjaI/VbaMEo9qBbSUl93DnU7f4c=",
        "owner": "nixos",
        "repo": "nixpkgs",
        "rev": "99dc8785f6a0adac95f5e2ab05cc2e1bf666d172",
        "type": "github"
      },
      "original": {
        "owner": "nixos",
        "ref": "nixos-unstable",
        "repo": "nixpkgs",
        "type": "github"
      }
    },
    "nixpkgs_4": {
      "locked": {
        "lastModified": 1727122398,
        "narHash": "sha256-o8VBeCWHBxGd4kVMceIayf5GApqTavJbTa44Xcg5Rrk=",
        "owner": "nixos",
        "repo": "nixpkgs",
        "rev": "30439d93eb8b19861ccbe3e581abf97bdc91b093",
        "type": "github"
      },
      "original": {
        "owner": "nixos",
        "ref": "nixos-unstable",
        "repo": "nixpkgs",
        "type": "github"
      }
    },
    "quickshell": {
      "inputs": {
        "nixpkgs": [
          "nixpkgs"
        ]
      },
      "locked": {
        "lastModified": 1727168378,
        "narHash": "sha256-BvJuLTdqkKKzeVL8txVOTEUNWxZ1dfVdo02NdZUV+nU=",
        "ref": "refs/heads/master",
        "rev": "fbaec141c01e8b3376850bd98aabeadf9fad0fcf",
        "revCount": 351,
        "type": "git",
        "url": "https://git.outfoxxed.me/outfoxxed/quickshell"
      },
      "original": {
        "type": "git",
        "url": "https://git.outfoxxed.me/outfoxxed/quickshell"
      }
    },
    "root": {
      "inputs": {
        "ags": "ags",
        "home-manager": "home-manager",
        "hyprpanel": "hyprpanel",
        "nixos-cosmic": "nixos-cosmic",
        "nixpkgs": "nixpkgs_4",
        "quickshell": "quickshell"
      }
    },
    "rust-overlay": {
      "inputs": {
        "nixpkgs": [
          "nixos-cosmic",
          "nixpkgs"
        ]
      },
      "locked": {
        "lastModified": 1727231386,
        "narHash": "sha256-XLloPtQHKk/Tdt8t8zIb+JhmunlH3YB9Jz8RTlQ3N/4=",
        "owner": "oxalica",
        "repo": "rust-overlay",
        "rev": "b5f76c3b09a8194889f5328a480fbea1a9115518",
        "type": "github"
      },
      "original": {
        "owner": "oxalica",
        "repo": "rust-overlay",
        "type": "github"
      }
    },
    "systems": {
      "locked": {
        "lastModified": 1689347949,
        "narHash": "sha256-12tWmuL2zgBgZkdoB6qXZsgJEH9LR3oUgpaQq2RbI80=",
        "owner": "nix-systems",
        "repo": "default-linux",
        "rev": "31732fcf5e8fea42e59c2488ad31a0e651500f68",
        "type": "github"
      },
      "original": {
        "owner": "nix-systems",
        "repo": "default-linux",
        "type": "github"
      }
    },
    "systems_2": {
      "locked": {
        "lastModified": 1689347949,
        "narHash": "sha256-12tWmuL2zgBgZkdoB6qXZsgJEH9LR3oUgpaQq2RbI80=",
        "owner": "nix-systems",
        "repo": "default-linux",
        "rev": "31732fcf5e8fea42e59c2488ad31a0e651500f68",
        "type": "github"
      },
      "original": {
        "owner": "nix-systems",
        "repo": "default-linux",
        "type": "github"
      }
    }
  },
  "root": "root",
  "version": 7
}
