{
  "nodes": {
    "nixCats": {
      "locked": {
        "lastModified": 1738561344,
        "narHash": "sha256-gPdnByr60DgCHMiez/YYnYCrjRIQqwCLwjQDLZahoBU=",
        "owner": "BirdeeHub",
        "repo": "nixCats-nvim",
        "rev": "bd3934a579ef4182ddadd007281ab264137fff78",
        "type": "github"
      },
      "original": {
        "owner": "BirdeeHub",
        "repo": "nixCats-nvim",
        "type": "github"
      }
    },
    "nixpkgs": {
      "locked": {
        "lastModified": 1738422722,
        "narHash": "sha256-Q4vhtbLYWBUnjWD4iQb003Lt+N5PuURDad1BngGKdUs=",
        "owner": "nixos",
        "repo": "nixpkgs",
        "rev": "102a39bfee444533e6b4e8611d7e92aa39b7bec1",
        "type": "github"
      },
      "original": {
        "owner": "nixos",
        "ref": "nixpkgs-unstable",
        "repo": "nixpkgs",
        "type": "github"
      }
    },
    "root": {
      "inputs": {
        "nixCats": "nixCats",
        "nixpkgs": "nixpkgs"
      }
    }
  },
  "root": "root",
  "version": 7
}
